
Microsoft Visual Studio Solution File, Format Version 12.00
# Visual Studio Version 17
VisualStudioVersion = 17.3.32922.545
MinimumVisualStudioVersion = 10.0.40219.1
Project("{FAE04EC0-301F-11D3-BF4B-00C04F79EFBC}") = "Auditorka", "Auditorka\Auditorka.csproj", "{274B48D8-EF64-4199-9C7E-A97AF14D8DCD}"
EndProject
Global
	GlobalSection(SolutionConfigurationPlatforms) = preSolution
		Debug|Any CPU = Debug|Any CPU
		Release|Any CPU = Release|Any CPU
	EndGlobalSection
	GlobalSection(ProjectConfigurationPlatforms) = postSolution
		{274B48D8-EF64-4199-9C7E-A97AF14D8DCD}.Debug|Any CPU.ActiveCfg = Debug|Any CPU
		{274B48D8-EF64-4199-9C7E-A97AF14D8DCD}.Debug|Any CPU.Build.0 = Debug|Any CPU
		{274B48D8-EF64-4199-9C7E-A97AF14D8DCD}.Release|Any CPU.ActiveCfg = Release|Any CPU
		{274B48D8-EF64-4199-9C7E-A97AF14D8DCD}.Release|Any CPU.Build.0 = Release|Any CPU
	EndGlobalSection
	GlobalSection(SolutionProperties) = preSolution
		HideSolutionNode = FALSE
	EndGlobalSection
	GlobalSection(ExtensibilityGlobals) = postSolution
		SolutionGuid = {E787A3E4-4C46-4052-A023-9F6086C311D9}
	EndGlobalSection
EndGlobal
